
Microsoft Visual Studio Solution File, Format Version 12.00
# Visual Studio Version 16
VisualStudioVersion = 16.0.28922.388
MinimumVisualStudioVersion = 10.0.40219.1
Project("{FAE04EC0-301F-11D3-BF4B-00C04F79EFBC}") = "EpicStore", "EpicStore\EpicStore.csproj", "{271CB100-E76B-40BC-8C07-263E200E6B96}"
EndProject
Global
	GlobalSection(SolutionConfigurationPlatforms) = preSolution
		Debug|Any CPU = Debug|Any CPU
		Release|Any CPU = Release|Any CPU
	EndGlobalSection
	GlobalSection(ProjectConfigurationPlatforms) = postSolution
		{271CB100-E76B-40BC-8C07-263E200E6B96}.Debug|Any CPU.ActiveCfg = Debug|Any CPU
		{271CB100-E76B-40BC-8C07-263E200E6B96}.Debug|Any CPU.Build.0 = Debug|Any CPU
		{271CB100-E76B-40BC-8C07-263E200E6B96}.Release|Any CPU.ActiveCfg = Release|Any CPU
		{271CB100-E76B-40BC-8C07-263E200E6B96}.Release|Any CPU.Build.0 = Release|Any CPU
	EndGlobalSection
	GlobalSection(SolutionProperties) = preSolution
		HideSolutionNode = FALSE
	EndGlobalSection
	GlobalSection(ExtensibilityGlobals) = postSolution
		SolutionGuid = {999B4390-5701-4D50-9D58-D6119148CB04}
	EndGlobalSection
EndGlobal
